
Microsoft Visual Studio Solution File, Format Version 12.00
# Visual Studio Version 16
VisualStudioVersion = 16.0.30523.141
MinimumVisualStudioVersion = 10.0.40219.1
Project("{FAE04EC0-301F-11D3-BF4B-00C04F79EFBC}") = "MyFirstEFCoreApp", "MyFirstEFCoreApp.csproj", "{37778266-346C-4183-9F65-8B011D3BB510}"
EndProject
Global
	GlobalSection(SolutionConfigurationPlatforms) = preSolution
		Debug|Any CPU = Debug|Any CPU
		Release|Any CPU = Release|Any CPU
	EndGlobalSection
	GlobalSection(ProjectConfigurationPlatforms) = postSolution
		{37778266-346C-4183-9F65-8B011D3BB510}.Debug|Any CPU.ActiveCfg = Debug|Any CPU
		{37778266-346C-4183-9F65-8B011D3BB510}.Debug|Any CPU.Build.0 = Debug|Any CPU
		{37778266-346C-4183-9F65-8B011D3BB510}.Release|Any CPU.ActiveCfg = Release|Any CPU
		{37778266-346C-4183-9F65-8B011D3BB510}.Release|Any CPU.Build.0 = Release|Any CPU
	EndGlobalSection
	GlobalSection(SolutionProperties) = preSolution
		HideSolutionNode = FALSE
	EndGlobalSection
	GlobalSection(ExtensibilityGlobals) = postSolution
		SolutionGuid = {24A0EF62-A53C-471F-AF86-6A525E0644B0}
	EndGlobalSection
EndGlobal
